
Microsoft Visual Studio Solution File, Format Version 12.00
# Visual Studio Version 16
VisualStudioVersion = 16.0.31702.278
MinimumVisualStudioVersion = 10.0.40219.1
Project("{FAE04EC0-301F-11D3-BF4B-00C04F79EFBC}") = "GamesSalesStore.UWP", "GamesSalesStore\GamesSalesStore.UWP\GamesSalesStore.UWP.csproj", "{559E15BA-0691-4DC4-A279-4F10ED3C6E07}"
EndProject
Project("{FAE04EC0-301F-11D3-BF4B-00C04F79EFBC}") = "GamesSalesStore.Android", "GamesSalesStore\GamesSalesStore.Android\GamesSalesStore.Android.csproj", "{96FB79D5-04EC-4BF2-9E87-8755E5C8BDA1}"
EndProject
Project("{FAE04EC0-301F-11D3-BF4B-00C04F79EFBC}") = "GamesSalesStore.iOS", "GamesSalesStore\GamesSalesStore.iOS\GamesSalesStore.iOS.csproj", "{FF9950EC-4878-4C03-9039-1C5C2CBCB607}"
EndProject
Project("{FAE04EC0-301F-11D3-BF4B-00C04F79EFBC}") = "GamesSalesStore", "GamesSalesStore\GamesSalesStore\GamesSalesStore.csproj", "{DEDC7440-C75C-48C5-95CB-7907C0E803C3}"
EndProject
Global
	GlobalSection(SolutionConfigurationPlatforms) = preSolution
		Debug|Any CPU = Debug|Any CPU
		Debug|ARM = Debug|ARM
		Debug|iPhone = Debug|iPhone
		Debug|iPhoneSimulator = Debug|iPhoneSimulator
		Debug|x64 = Debug|x64
		Debug|x86 = Debug|x86
		Release|Any CPU = Release|Any CPU
		Release|ARM = Release|ARM
		Release|iPhone = Release|iPhone
		Release|iPhoneSimulator = Release|iPhoneSimulator
		Release|x64 = Release|x64
		Release|x86 = Release|x86
	EndGlobalSection
	GlobalSection(ProjectConfigurationPlatforms) = postSolution
		{559E15BA-0691-4DC4-A279-4F10ED3C6E07}.Debug|Any CPU.ActiveCfg = Debug|x86
		{559E15BA-0691-4DC4-A279-4F10ED3C6E07}.Debug|Any CPU.Build.0 = Debug|x86
		{559E15BA-0691-4DC4-A279-4F10ED3C6E07}.Debug|Any CPU.Deploy.0 = Debug|x86
		{559E15BA-0691-4DC4-A279-4F10ED3C6E07}.Debug|ARM.ActiveCfg = Debug|ARM
		{559E15BA-0691-4DC4-A279-4F10ED3C6E07}.Debug|ARM.Build.0 = Debug|ARM
		{559E15BA-0691-4DC4-A279-4F10ED3C6E07}.Debug|ARM.Deploy.0 = Debug|ARM
		{559E15BA-0691-4DC4-A279-4F10ED3C6E07}.Debug|iPhone.ActiveCfg = Debug|x86
		{559E15BA-0691-4DC4-A279-4F10ED3C6E07}.Debug|iPhone.Build.0 = Debug|x86
		{559E15BA-0691-4DC4-A279-4F10ED3C6E07}.Debug|iPhone.Deploy.0 = Debug|x86
		{559E15BA-0691-4DC4-A279-4F10ED3C6E07}.Debug|iPhoneSimulator.ActiveCfg = Debug|x86
		{559E15BA-0691-4DC4-A279-4F10ED3C6E07}.Debug|iPhoneSimulator.Build.0 = Debug|x86
		{559E15BA-0691-4DC4-A279-4F10ED3C6E07}.Debug|iPhoneSimulator.Deploy.0 = Debug|x86
		{559E15BA-0691-4DC4-A279-4F10ED3C6E07}.Debug|x64.ActiveCfg = Debug|x64
		{559E15BA-0691-4DC4-A279-4F10ED3C6E07}.Debug|x64.Build.0 = Debug|x64
		{559E15BA-0691-4DC4-A279-4F10ED3C6E07}.Debug|x64.Deploy.0 = Debug|x64
		{559E15BA-0691-4DC4-A279-4F10ED3C6E07}.Debug|x86.ActiveCfg = Debug|x86
		{559E15BA-0691-4DC4-A279-4F10ED3C6E07}.Debug|x86.Build.0 = Debug|x86
		{559E15BA-0691-4DC4-A279-4F10ED3C6E07}.Debug|x86.Deploy.0 = Debug|x86
		{559E15BA-0691-4DC4-A279-4F10ED3C6E07}.Release|Any CPU.ActiveCfg = Release|x86
		{559E15BA-0691-4DC4-A279-4F10ED3C6E07}.Release|Any CPU.Build.0 = Release|x86
		{559E15BA-0691-4DC4-A279-4F10ED3C6E07}.Release|Any CPU.Deploy.0 = Release|x86
		{559E15BA-0691-4DC4-A279-4F10ED3C6E07}.Release|ARM.ActiveCfg = Release|ARM
		{559E15BA-0691-4DC4-A279-4F10ED3C6E07}.Release|ARM.Build.0 = Release|ARM
		{559E15BA-0691-4DC4-A279-4F10ED3C6E07}.Release|ARM.Deploy.0 = Release|ARM
		{559E15BA-0691-4DC4-A279-4F10ED3C6E07}.Release|iPhone.ActiveCfg = Release|x86
		{559E15BA-0691-4DC4-A279-4F10ED3C6E07}.Release|iPhone.Build.0 = Release|x86
		{559E15BA-0691-4DC4-A279-4F10ED3C6E07}.Release|iPhone.Deploy.0 = Release|x86
		{559E15BA-0691-4DC4-A279-4F10ED3C6E07}.Release|iPhoneSimulator.ActiveCfg = Release|x86
		{559E15BA-0691-4DC4-A279-4F10ED3C6E07}.Release|iPhoneSimulator.Build.0 = Release|x86
		{559E15BA-0691-4DC4-A279-4F10ED3C6E07}.Release|iPhoneSimulator.Deploy.0 = Release|x86
		{559E15BA-0691-4DC4-A279-4F10ED3C6E07}.Release|x64.ActiveCfg = Release|x64
		{559E15BA-0691-4DC4-A279-4F10ED3C6E07}.Release|x64.Build.0 = Release|x64
		{559E15BA-0691-4DC4-A279-4F10ED3C6E07}.Release|x64.Deploy.0 = Release|x64
		{559E15BA-0691-4DC4-A279-4F10ED3C6E07}.Release|x86.ActiveCfg = Release|x86
		{559E15BA-0691-4DC4-A279-4F10ED3C6E07}.Release|x86.Build.0 = Release|x86
		{559E15BA-0691-4DC4-A279-4F10ED3C6E07}.Release|x86.Deploy.0 = Release|x86
		{96FB79D5-04EC-4BF2-9E87-8755E5C8BDA1}.Debug|Any CPU.ActiveCfg = Debug|Any CPU
		{96FB79D5-04EC-4BF2-9E87-8755E5C8BDA1}.Debug|Any CPU.Build.0 = Debug|Any CPU
		{96FB79D5-04EC-4BF2-9E87-8755E5C8BDA1}.Debug|Any CPU.Deploy.0 = Debug|Any CPU
		{96FB79D5-04EC-4BF2-9E87-8755E5C8BDA1}.Debug|ARM.ActiveCfg = Debug|Any CPU
		{96FB79D5-04EC-4BF2-9E87-8755E5C8BDA1}.Debug|ARM.Build.0 = Debug|Any CPU
		{96FB79D5-04EC-4BF2-9E87-8755E5C8BDA1}.Debug|ARM.Deploy.0 = Debug|Any CPU
		{96FB79D5-04EC-4BF2-9E87-8755E5C8BDA1}.Debug|iPhone.ActiveCfg = Debug|Any CPU
		{96FB79D5-04EC-4BF2-9E87-8755E5C8BDA1}.Debug|iPhone.Build.0 = Debug|Any CPU
		{96FB79D5-04EC-4BF2-9E87-8755E5C8BDA1}.Debug|iPhone.Deploy.0 = Debug|Any CPU
		{96FB79D5-04EC-4BF2-9E87-8755E5C8BDA1}.Debug|iPhoneSimulator.ActiveCfg = Debug|Any CPU
		{96FB79D5-04EC-4BF2-9E87-8755E5C8BDA1}.Debug|iPhoneSimulator.Build.0 = Debug|Any CPU
		{96FB79D5-04EC-4BF2-9E87-8755E5C8BDA1}.Debug|iPhoneSimulator.Deploy.0 = Debug|Any CPU
		{96FB79D5-04EC-4BF2-9E87-8755E5C8BDA1}.Debug|x64.ActiveCfg = Debug|Any CPU
		{96FB79D5-04EC-4BF2-9E87-8755E5C8BDA1}.Debug|x64.Build.0 = Debug|Any CPU
		{96FB79D5-04EC-4BF2-9E87-8755E5C8BDA1}.Debug|x64.Deploy.0 = Debug|Any CPU
		{96FB79D5-04EC-4BF2-9E87-8755E5C8BDA1}.Debug|x86.ActiveCfg = Debug|Any CPU
		{96FB79D5-04EC-4BF2-9E87-8755E5C8BDA1}.Debug|x86.Build.0 = Debug|Any CPU
		{96FB79D5-04EC-4BF2-9E87-8755E5C8BDA1}.Debug|x86.Deploy.0 = Debug|Any CPU
		{96FB79D5-04EC-4BF2-9E87-8755E5C8BDA1}.Release|Any CPU.ActiveCfg = Release|Any CPU
		{96FB79D5-04EC-4BF2-9E87-8755E5C8BDA1}.Release|Any CPU.Build.0 = Release|Any CPU
		{96FB79D5-04EC-4BF2-9E87-8755E5C8BDA1}.Release|Any CPU.Deploy.0 = Release|Any CPU
		{96FB79D5-04EC-4BF2-9E87-8755E5C8BDA1}.Release|ARM.ActiveCfg = Release|Any CPU
		{96FB79D5-04EC-4BF2-9E87-8755E5C8BDA1}.Release|ARM.Build.0 = Release|Any CPU
		{96FB79D5-04EC-4BF2-9E87-8755E5C8BDA1}.Release|ARM.Deploy.0 = Release|Any CPU
		{96FB79D5-04EC-4BF2-9E87-8755E5C8BDA1}.Release|iPhone.ActiveCfg = Release|Any CPU
		{96FB79D5-04EC-4BF2-9E87-8755E5C8BDA1}.Release|iPhone.Build.0 = Release|Any CPU
		{96FB79D5-04EC-4BF2-9E87-8755E5C8BDA1}.Release|iPhone.Deploy.0 = Release|Any CPU
		{96FB79D5-04EC-4BF2-9E87-8755E5C8BDA1}.Release|iPhoneSimulator.ActiveCfg = Release|Any CPU
		{96FB79D5-04EC-4BF2-9E87-8755E5C8BDA1}.Release|iPhoneSimulator.Build.0 = Release|Any CPU
		{96FB79D5-04EC-4BF2-9E87-8755E5C8BDA1}.Release|iPhoneSimulator.Deploy.0 = Release|Any CPU
		{96FB79D5-04EC-4BF2-9E87-8755E5C8BDA1}.Release|x64.ActiveCfg = Release|Any CPU
		{96FB79D5-04EC-4BF2-9E87-8755E5C8BDA1}.Release|x64.Build.0 = Release|Any CPU
		{96FB79D5-04EC-4BF2-9E87-8755E5C8BDA1}.Release|x64.Deploy.0 = Release|Any CPU
		{96FB79D5-04EC-4BF2-9E87-8755E5C8BDA1}.Release|x86.ActiveCfg = Release|Any CPU
		{96FB79D5-04EC-4BF2-9E87-8755E5C8BDA1}.Release|x86.Build.0 = Release|Any CPU
		{96FB79D5-04EC-4BF2-9E87-8755E5C8BDA1}.Release|x86.Deploy.0 = Release|Any CPU
		{FF9950EC-4878-4C03-9039-1C5C2CBCB607}.Debug|Any CPU.ActiveCfg = Debug|iPhoneSimulator
		{FF9950EC-4878-4C03-9039-1C5C2CBCB607}.Debug|Any CPU.Build.0 = Debug|iPhoneSimulator
		{FF9950EC-4878-4C03-9039-1C5C2CBCB607}.Debug|Any CPU.Deploy.0 = Debug|iPhoneSimulator
		{FF9950EC-4878-4C03-9039-1C5C2CBCB607}.Debug|ARM.ActiveCfg = Debug|iPhone
		{FF9950EC-4878-4C03-9039-1C5C2CBCB607}.Debug|ARM.Build.0 = Debug|iPhone
		{FF9950EC-4878-4C03-9039-1C5C2CBCB607}.Debug|ARM.Deploy.0 = Debug|iPhone
		{FF9950EC-4878-4C03-9039-1C5C2CBCB607}.Debug|iPhone.ActiveCfg = Debug|iPhone
		{FF9950EC-4878-4C03-9039-1C5C2CBCB607}.Debug|iPhone.Build.0 = Debug|iPhone
		{FF9950EC-4878-4C03-9039-1C5C2CBCB607}.Debug|iPhone.Deploy.0 = Debug|iPhone
		{FF9950EC-4878-4C03-9039-1C5C2CBCB607}.Debug|iPhoneSimulator.ActiveCfg = Debug|iPhoneSimulator
		{FF9950EC-4878-4C03-9039-1C5C2CBCB607}.Debug|iPhoneSimulator.Build.0 = Debug|iPhoneSimulator
		{FF9950EC-4878-4C03-9039-1C5C2CBCB607}.Debug|iPhoneSimulator.Deploy.0 = Debug|iPhoneSimulator
		{FF9950EC-4878-4C03-9039-1C5C2CBCB607}.Debug|x64.ActiveCfg = Debug|iPhoneSimulator
		{FF9950EC-4878-4C03-9039-1C5C2CBCB607}.Debug|x64.Build.0 = Debug|iPhoneSimulator
		{FF9950EC-4878-4C03-9039-1C5C2CBCB607}.Debug|x64.Deploy.0 = Debug|iPhoneSimulator
		{FF9950EC-4878-4C03-9039-1C5C2CBCB607}.Debug|x86.ActiveCfg = Debug|iPhoneSimulator
		{FF9950EC-4878-4C03-9039-1C5C2CBCB607}.Debug|x86.Build.0 = Debug|iPhoneSimulator
		{FF9950EC-4878-4C03-9039-1C5C2CBCB607}.Debug|x86.Deploy.0 = Debug|iPhoneSimulator
		{FF9950EC-4878-4C03-9039-1C5C2CBCB607}.Release|Any CPU.ActiveCfg = Release|iPhoneSimulator
		{FF9950EC-4878-4C03-9039-1C5C2CBCB607}.Release|Any CPU.Build.0 = Release|iPhoneSimulator
		{FF9950EC-4878-4C03-9039-1C5C2CBCB607}.Release|Any CPU.Deploy.0 = Release|iPhoneSimulator
		{FF9950EC-4878-4C03-9039-1C5C2CBCB607}.Release|ARM.ActiveCfg = Release|iPhoneSimulator
		{FF9950EC-4878-4C03-9039-1C5C2CBCB607}.Release|ARM.Build.0 = Release|iPhoneSimulator
		{FF9950EC-4878-4C03-9039-1C5C2CBCB607}.Release|ARM.Deploy.0 = Release|iPhoneSimulator
		{FF9950EC-4878-4C03-9039-1C5C2CBCB607}.Release|iPhone.ActiveCfg = Release|iPhone
		{FF9950EC-4878-4C03-9039-1C5C2CBCB607}.Release|iPhone.Build.0 = Release|iPhone
		{FF9950EC-4878-4C03-9039-1C5C2CBCB607}.Release|iPhone.Deploy.0 = Release|iPhone
		{FF9950EC-4878-4C03-9039-1C5C2CBCB607}.Release|iPhoneSimulator.ActiveCfg = Release|iPhoneSimulator
		{FF9950EC-4878-4C03-9039-1C5C2CBCB607}.Release|iPhoneSimulator.Build.0 = Release|iPhoneSimulator
		{FF9950EC-4878-4C03-9039-1C5C2CBCB607}.Release|iPhoneSimulator.Deploy.0 = Release|iPhoneSimulator
		{FF9950EC-4878-4C03-9039-1C5C2CBCB607}.Release|x64.ActiveCfg = Release|iPhoneSimulator
		{FF9950EC-4878-4C03-9039-1C5C2CBCB607}.Release|x64.Build.0 = Release|iPhoneSimulator
		{FF9950EC-4878-4C03-9039-1C5C2CBCB607}.Release|x64.Deploy.0 = Release|iPhoneSimulator
		{FF9950EC-4878-4C03-9039-1C5C2CBCB607}.Release|x86.ActiveCfg = Release|iPhoneSimulator
		{FF9950EC-4878-4C03-9039-1C5C2CBCB607}.Release|x86.Build.0 = Release|iPhoneSimulator
		{FF9950EC-4878-4C03-9039-1C5C2CBCB607}.Release|x86.Deploy.0 = Release|iPhoneSimulator
		{DEDC7440-C75C-48C5-95CB-7907C0E803C3}.Debug|Any CPU.ActiveCfg = Debug|Any CPU
		{DEDC7440-C75C-48C5-95CB-7907C0E803C3}.Debug|Any CPU.Build.0 = Debug|Any CPU
		{DEDC7440-C75C-48C5-95CB-7907C0E803C3}.Debug|Any CPU.Deploy.0 = Debug|Any CPU
		{DEDC7440-C75C-48C5-95CB-7907C0E803C3}.Debug|ARM.ActiveCfg = Debug|Any CPU
		{DEDC7440-C75C-48C5-95CB-7907C0E803C3}.Debug|ARM.Build.0 = Debug|Any CPU
		{DEDC7440-C75C-48C5-95CB-7907C0E803C3}.Debug|ARM.Deploy.0 = Debug|Any CPU
		{DEDC7440-C75C-48C5-95CB-7907C0E803C3}.Debug|iPhone.ActiveCfg = Debug|Any CPU
		{DEDC7440-C75C-48C5-95CB-7907C0E803C3}.Debug|iPhone.Build.0 = Debug|Any CPU
		{DEDC7440-C75C-48C5-95CB-7907C0E803C3}.Debug|iPhone.Deploy.0 = Debug|Any CPU
		{DEDC7440-C75C-48C5-95CB-7907C0E803C3}.Debug|iPhoneSimulator.ActiveCfg = Debug|Any CPU
		{DEDC7440-C75C-48C5-95CB-7907C0E803C3}.Debug|iPhoneSimulator.Build.0 = Debug|Any CPU
		{DEDC7440-C75C-48C5-95CB-7907C0E803C3}.Debug|iPhoneSimulator.Deploy.0 = Debug|Any CPU
		{DEDC7440-C75C-48C5-95CB-7907C0E803C3}.Debug|x64.ActiveCfg = Debug|Any CPU
		{DEDC7440-C75C-48C5-95CB-7907C0E803C3}.Debug|x64.Build.0 = Debug|Any CPU
		{DEDC7440-C75C-48C5-95CB-7907C0E803C3}.Debug|x64.Deploy.0 = Debug|Any CPU
		{DEDC7440-C75C-48C5-95CB-7907C0E803C3}.Debug|x86.ActiveCfg = Debug|Any CPU
		{DEDC7440-C75C-48C5-95CB-7907C0E803C3}.Debug|x86.Build.0 = Debug|Any CPU
		{DEDC7440-C75C-48C5-95CB-7907C0E803C3}.Debug|x86.Deploy.0 = Debug|Any CPU
		{DEDC7440-C75C-48C5-95CB-7907C0E803C3}.Release|Any CPU.ActiveCfg = Release|Any CPU
		{DEDC7440-C75C-48C5-95CB-7907C0E803C3}.Release|Any CPU.Build.0 = Release|Any CPU
		{DEDC7440-C75C-48C5-95CB-7907C0E803C3}.Release|Any CPU.Deploy.0 = Release|Any CPU
		{DEDC7440-C75C-48C5-95CB-7907C0E803C3}.Release|ARM.ActiveCfg = Release|Any CPU
		{DEDC7440-C75C-48C5-95CB-7907C0E803C3}.Release|ARM.Build.0 = Release|Any CPU
		{DEDC7440-C75C-48C5-95CB-7907C0E803C3}.Release|ARM.Deploy.0 = Release|Any CPU
		{DEDC7440-C75C-48C5-95CB-7907C0E803C3}.Release|iPhone.ActiveCfg = Release|Any CPU
		{DEDC7440-C75C-48C5-95CB-7907C0E803C3}.Release|iPhone.Build.0 = Release|Any CPU
		{DEDC7440-C75C-48C5-95CB-7907C0E803C3}.Release|iPhone.Deploy.0 = Release|Any CPU
		{DEDC7440-C75C-48C5-95CB-7907C0E803C3}.Release|iPhoneSimulator.ActiveCfg = Release|Any CPU
		{DEDC7440-C75C-48C5-95CB-7907C0E803C3}.Release|iPhoneSimulator.Build.0 = Release|Any CPU
		{DEDC7440-C75C-48C5-95CB-7907C0E803C3}.Release|iPhoneSimulator.Deploy.0 = Release|Any CPU
		{DEDC7440-C75C-48C5-95CB-7907C0E803C3}.Release|x64.ActiveCfg = Release|Any CPU
		{DEDC7440-C75C-48C5-95CB-7907C0E803C3}.Release|x64.Build.0 = Release|Any CPU
		{DEDC7440-C75C-48C5-95CB-7907C0E803C3}.Release|x64.Deploy.0 = Release|Any CPU
		{DEDC7440-C75C-48C5-95CB-7907C0E803C3}.Release|x86.ActiveCfg = Release|Any CPU
		{DEDC7440-C75C-48C5-95CB-7907C0E803C3}.Release|x86.Build.0 = Release|Any CPU
		{DEDC7440-C75C-48C5-95CB-7907C0E803C3}.Release|x86.Deploy.0 = Release|Any CPU
	EndGlobalSection
	GlobalSection(SolutionProperties) = preSolution
		HideSolutionNode = FALSE
	EndGlobalSection
	GlobalSection(ExtensibilityGlobals) = postSolution
		SolutionGuid = {914FB5B2-13BD-4D5E-A320-3BB5F02ED1B7}
	EndGlobalSection
EndGlobal
